
Microsoft Visual Studio Solution File, Format Version 12.00
# Visual Studio Version 17
VisualStudioVersion = 17.2.32616.157
MinimumVisualStudioVersion = 10.0.40219.1
Project("{9A19103F-16F7-4668-BE54-9A1E7A4F7556}") = "Atlas.Core", "Atlas.Core\Atlas.Core.csproj", "{D84C786D-F5EC-4593-90FF-3A72E750F535}"
EndProject
Project("{9A19103F-16F7-4668-BE54-9A1E7A4F7556}") = "Atlas.AspNetCore", "Atlas.AspNetCore\Atlas.AspNetCore.csproj", "{1A6B76B0-E727-4982-8E12-4FF57F6D3083}"
EndProject
Project("{2150E333-8FDC-42A3-9474-1A3956D46DE8}") = "Solution Items", "Solution Items", "{9C4F4BA1-9F98-40F5-907B-FC4CB347584D}"
	ProjectSection(SolutionItems) = preProject
		.editorconfig = .editorconfig
	EndProjectSection
EndProject
Project("{FAE04EC0-301F-11D3-BF4B-00C04F79EFBC}") = "Atlas.Core.Tests", "Atlas.Core.Tests\Atlas.Core.Tests.csproj", "{69A8C631-C13D-4E9C-8A08-69063CD44156}"
EndProject
Global
	GlobalSection(SolutionConfigurationPlatforms) = preSolution
		Debug|Any CPU = Debug|Any CPU
		Release|Any CPU = Release|Any CPU
	EndGlobalSection
	GlobalSection(ProjectConfigurationPlatforms) = postSolution
		{D84C786D-F5EC-4593-90FF-3A72E750F535}.Debug|Any CPU.ActiveCfg = Debug|Any CPU
		{D84C786D-F5EC-4593-90FF-3A72E750F535}.Debug|Any CPU.Build.0 = Debug|Any CPU
		{D84C786D-F5EC-4593-90FF-3A72E750F535}.Release|Any CPU.ActiveCfg = Release|Any CPU
		{D84C786D-F5EC-4593-90FF-3A72E750F535}.Release|Any CPU.Build.0 = Release|Any CPU
		{1A6B76B0-E727-4982-8E12-4FF57F6D3083}.Debug|Any CPU.ActiveCfg = Debug|Any CPU
		{1A6B76B0-E727-4982-8E12-4FF57F6D3083}.Debug|Any CPU.Build.0 = Debug|Any CPU
		{1A6B76B0-E727-4982-8E12-4FF57F6D3083}.Release|Any CPU.ActiveCfg = Release|Any CPU
		{1A6B76B0-E727-4982-8E12-4FF57F6D3083}.Release|Any CPU.Build.0 = Release|Any CPU
		{69A8C631-C13D-4E9C-8A08-69063CD44156}.Debug|Any CPU.ActiveCfg = Debug|Any CPU
		{69A8C631-C13D-4E9C-8A08-69063CD44156}.Debug|Any CPU.Build.0 = Debug|Any CPU
		{69A8C631-C13D-4E9C-8A08-69063CD44156}.Release|Any CPU.ActiveCfg = Release|Any CPU
		{69A8C631-C13D-4E9C-8A08-69063CD44156}.Release|Any CPU.Build.0 = Release|Any CPU
	EndGlobalSection
	GlobalSection(SolutionProperties) = preSolution
		HideSolutionNode = FALSE
	EndGlobalSection
	GlobalSection(ExtensibilityGlobals) = postSolution
		SolutionGuid = {922FF109-A622-46B5-AFD6-B73B666A5715}
	EndGlobalSection
EndGlobal
